
Microsoft Visual Studio Solution File, Format Version 12.00
Project("{FAE04EC0-301F-11D3-BF4B-00C04F79EFBC}") = "project1.3.3", "project1.3.3.csproj", "{8A3FE03B-019F-4E60-9511-12717597156B}"
EndProject
Global
	GlobalSection(SolutionConfigurationPlatforms) = preSolution
		Debug|Any CPU = Debug|Any CPU
		Release|Any CPU = Release|Any CPU
	EndGlobalSection
	GlobalSection(ProjectConfigurationPlatforms) = postSolution
		{8A3FE03B-019F-4E60-9511-12717597156B}.Debug|Any CPU.ActiveCfg = Debug|Any CPU
		{8A3FE03B-019F-4E60-9511-12717597156B}.Debug|Any CPU.Build.0 = Debug|Any CPU
		{8A3FE03B-019F-4E60-9511-12717597156B}.Release|Any CPU.ActiveCfg = Release|Any CPU
		{8A3FE03B-019F-4E60-9511-12717597156B}.Release|Any CPU.Build.0 = Release|Any CPU
	EndGlobalSection
EndGlobal
